// !$*UTF8*$!
{
	archiveVersion = 1;
	classes = {
	};
	objectVersion = 46;
	objects = {

/* Begin PBXBuildFile section */
		ADAD45B71BAFB98C003561DF /* AppDelegate.swift in Sources */ = {isa = PBXBuildFile; fileRef = ADAD45B61BAFB98C003561DF /* AppDelegate.swift */; };
		ADAD45B91BAFB98C003561DF /* ViewController.swift in Sources */ = {isa = PBXBuildFile; fileRef = ADAD45B81BAFB98C003561DF /* ViewController.swift */; };
		ADAD45BC1BAFB98C003561DF /* Main.storyboard in Resources */ = {isa = PBXBuildFile; fileRef = ADAD45BA1BAFB98C003561DF /* Main.storyboard */; };
		ADAD45BE1BAFB98C003561DF /* Images.xcassets in Resources */ = {isa = PBXBuildFile; fileRef = ADAD45BD1BAFB98C003561DF /* Images.xcassets */; };
		ADAD45C11BAFB98C003561DF /* LaunchScreen.xib in Resources */ = {isa = PBXBuildFile; fileRef = ADAD45BF1BAFB98C003561DF /* LaunchScreen.xib */; };
		ADAD45CD1BAFB98C003561DF /* Lab_2Tests.swift in Sources */ = {isa = PBXBuildFile; fileRef = ADAD45CC1BAFB98C003561DF /* Lab_2Tests.swift */; };
/* End PBXBuildFile section */

/* Begin PBXContainerItemProxy section */
		ADAD45C71BAFB98C003561DF /* PBXContainerItemProxy */ = {
			isa = PBXContainerItemProxy;
			containerPortal = ADAD45A91BAFB98C003561DF /* Project object */;
			proxyType = 1;
			remoteGlobalIDString = ADAD45B01BAFB98C003561DF;
			remoteInfo = "Lab 2";
		};
/* End PBXContainerItemProxy section */

/* Begin PBXFileReference section */
		ADAD45B11BAFB98C003561DF /* Lab 2.app */ = {isa = PBXFileReference; explicitFileType = wrapper.application; includeInIndex = 0; path = "Lab 2.app"; sourceTree = BUILT_PRODUCTS_DIR; };
		ADAD45B51BAFB98C003561DF /* Info.plist */ = {isa = PBXFileReference; lastKnownFileType = text.plist.xml; path = Info.plist; sourceTree = "<group>"; };
		ADAD45B61BAFB98C003561DF /* AppDelegate.swift */ = {isa = PBXFileReference; lastKnownFileType = sourcecode.swift; path = AppDelegate.swift; sourceTree = "<group>"; };
		ADAD45B81BAFB98C003561DF /* ViewController.swift */ = {isa = PBXFileReference; lastKnownFileType = sourcecode.swift; path = ViewController.swift; sourceTree = "<group>"; };
		ADAD45BB1BAFB98C003561DF /* Base */ = {isa = PBXFileReference; lastKnownFileType = file.storyboard; name = Base; path = Base.lproj/Main.storyboard; sourceTree = "<group>"; };
		ADAD45BD1BAFB98C003561DF /* Images.xcassets */ = {isa = PBXFileReference; lastKnownFileType = folder.assetcatalog; path = Images.xcassets; sourceTree = "<group>"; };
		ADAD45C01BAFB98C003561DF /* Base */ = {isa = PBXFileReference; lastKnownFileType = file.xib; name = Base; path = Base.lproj/LaunchScreen.xib; sourceTree = "<group>"; };
		ADAD45C61BAFB98C003561DF /* Lab 2Tests.xctest */ = {isa = PBXFileReference; explicitFileType = wrapper.cfbundle; includeInIndex = 0; path = "Lab 2Tests.xctest"; sourceTree = BUILT_PRODUCTS_DIR; };
		ADAD45CB1BAFB98C003561DF /* Info.plist */ = {isa = PBXFileReference; lastKnownFileType = text.plist.xml; path = Info.plist; sourceTree = "<group>"; };
		ADAD45CC1BAFB98C003561DF /* Lab_2Tests.swift */ = {isa = PBXFileReference; lastKnownFileType = sourcecode.swift; path = Lab_2Tests.swift; sourceTree = "<group>"; };
/* End PBXFileReference section */

/* Begin PBXFrameworksBuildPhase section */
		ADAD45AE1BAFB98C003561DF /* Frameworks */ = {
			isa = PBXFrameworksBuildPhase;
			buildActionMask = 2147483647;
			files = (
			);
			runOnlyForDeploymentPostprocessing = 0;
		};
		ADAD45C31BAFB98C003561DF /* Frameworks */ = {
			isa = PBXFrameworksBuildPhase;
			buildActionMask = 2147483647;
			files = (
			);
			runOnlyForDeploymentPostprocessing = 0;
		};
/* End PBXFrameworksBuildPhase section */

/* Begin PBXGroup section */
		ADAD45A81BAFB98C003561DF = {
			isa = PBXGroup;
			children = (
				ADAD45B31BAFB98C003561DF /* Lab 2 */,
				ADAD45C91BAFB98C003561DF /* Lab 2Tests */,
				ADAD45B21BAFB98C003561DF /* Products */,
			);
			sourceTree = "<group>";
		};
		ADAD45B21BAFB98C003561DF /* Products */ = {
			isa = PBXGroup;
			children = (
				ADAD45B11BAFB98C003561DF /* Lab 2.app */,
				ADAD45C61BAFB98C003561DF /* Lab 2Tests.xctest */,
			);
			name = Products;
			sourceTree = "<group>";
		};
		ADAD45B31BAFB98C003561DF /* Lab 2 */ = {
			isa = PBXGroup;
			children = (
				ADAD45B61BAFB98C003561DF /* AppDelegate.swift */,
				ADAD45B81BAFB98C003561DF /* ViewController.swift */,
				ADAD45BA1BAFB98C003561DF /* Main.storyboard */,
				ADAD45BD1BAFB98C003561DF /* Images.xcassets */,
				ADAD45BF1BAFB98C003561DF /* LaunchScreen.xib */,
				ADAD45B41BAFB98C003561DF /* Supporting Files */,
			);
			path = "Lab 2";
			sourceTree = "<group>";
		};
		ADAD45B41BAFB98C003561DF /* Supporting Files */ = {
			isa = PBXGroup;
			children = (
				ADAD45B51BAFB98C003561DF /* Info.plist */,
			);
			name = "Supporting Files";
			sourceTree = "<group>";
		};
		ADAD45C91BAFB98C003561DF /* Lab 2Tests */ = {
			isa = PBXGroup;
			children = (
				ADAD45CC1BAFB98C003561DF /* Lab_2Tests.swift */,
				ADAD45CA1BAFB98C003561DF /* Supporting Files */,
			);
			path = "Lab 2Tests";
			sourceTree = "<group>";
		};
		ADAD45CA1BAFB98C003561DF /* Supporting Files */ = {
			isa = PBXGroup;
			children = (
				ADAD45CB1BAFB98C003561DF /* Info.plist */,
			);
			name = "Supporting Files";
			sourceTree = "<group>";
		};
/* End PBXGroup section */

/* Begin PBXNativeTarget section */
		ADAD45B01BAFB98C003561DF /* Lab 2 */ = {
			isa = PBXNativeTarget;
			buildConfigurationList = ADAD45D01BAFB98C003561DF /* Build configuration list for PBXNativeTarget "Lab 2" */;
			buildPhases = (
				ADAD45AD1BAFB98C003561DF /* Sources */,
				ADAD45AE1BAFB98C003561DF /* Frameworks */,
				ADAD45AF1BAFB98C003561DF /* Resources */,
			);
			buildRules = (
			);
			dependencies = (
			);
			name = "Lab 2";
			productName = "Lab 2";
			productReference = ADAD45B11BAFB98C003561DF /* Lab 2.app */;
			productType = "com.apple.product-type.application";
		};
		ADAD45C51BAFB98C003561DF /* Lab 2Tests */ = {
			isa = PBXNativeTarget;
			buildConfigurationList = ADAD45D31BAFB98C003561DF /* Build configuration list for PBXNativeTarget "Lab 2Tests" */;
			buildPhases = (
				ADAD45C21BAFB98C003561DF /* Sources */,
				ADAD45C31BAFB98C003561DF /* Frameworks */,
				ADAD45C41BAFB98C003561DF /* Resources */,
			);
			buildRules = (
			);
			dependencies = (
				ADAD45C81BAFB98C003561DF /* PBXTargetDependency */,
			);
			name = "Lab 2Tests";
			productName = "Lab 2Tests";
			productReference = ADAD45C61BAFB98C003561DF /* Lab 2Tests.xctest */;
			productType = "com.apple.product-type.bundle.unit-test";
		};
/* End PBXNativeTarget section */

/* Begin PBXProject section */
		ADAD45A91BAFB98C003561DF /* Project object */ = {
			isa = PBXProject;
			attributes = {
				LastUpgradeCheck = 0640;
				ORGANIZATIONNAME = "Hayley Leibson";
				TargetAttributes = {
					ADAD45B01BAFB98C003561DF = {
						CreatedOnToolsVersion = 6.4;
					};
					ADAD45C51BAFB98C003561DF = {
						CreatedOnToolsVersion = 6.4;
						TestTargetID = ADAD45B01BAFB98C003561DF;
					};
				};
			};
			buildConfigurationList = ADAD45AC1BAFB98C003561DF /* Build configuration list for PBXProject "Lab 2" */;
			compatibilityVersion = "Xcode 3.2";
			developmentRegion = English;
			hasScannedForEncodings = 0;
			knownRegions = (
				en,
				Base,
			);
			mainGroup = ADAD45A81BAFB98C003561DF;
			productRefGroup = ADAD45B21BAFB98C003561DF /* Products */;
			projectDirPath = "";
			projectRoot = "";
			targets = (
				ADAD45B01BAFB98C003561DF /* Lab 2 */,
				ADAD45C51BAFB98C003561DF /* Lab 2Tests */,
			);
		};
/* End PBXProject section */

/* Begin PBXResourcesBuildPhase section */
		ADAD45AF1BAFB98C003561DF /* Resources */ = {
			isa = PBXResourcesBuildPhase;
			buildActionMask = 2147483647;
			files = (
				ADAD45BC1BAFB98C003561DF /* Main.storyboard in Resources */,
				ADAD45C11BAFB98C003561DF /* LaunchScreen.xib in Resources */,
				ADAD45BE1BAFB98C003561DF /* Images.xcassets in Resources */,
			);
			runOnlyForDeploymentPostprocessing = 0;
		};
		ADAD45C41BAFB98C003561DF /* Resources */ = {
			isa = PBXResourcesBuildPhase;
			buildActionMask = 2147483647;
			files = (
			);
			runOnlyForDeploymentPostprocessing = 0;
		};
/* End PBXResourcesBuildPhase section */

/* Begin PBXSourcesBuildPhase section */
		ADAD45AD1BAFB98C003561DF /* Sources */ = {
			isa = PBXSourcesBuildPhase;
			buildActionMask = 2147483647;
			files = (
				ADAD45B91BAFB98C003561DF /* ViewController.swift in Sources */,
				ADAD45B71BAFB98C003561DF /* AppDelegate.swift in Sources */,
			);
			runOnlyForDeploymentPostprocessing = 0;
		};
		ADAD45C21BAFB98C003561DF /* Sources */ = {
			isa = PBXSourcesBuildPhase;
			buildActionMask = 2147483647;
			files = (
				ADAD45CD1BAFB98C003561DF /* Lab_2Tests.swift in Sources */,
			);
			runOnlyForDeploymentPostprocessing = 0;
		};
/* End PBXSourcesBuildPhase section */

/* Begin PBXTargetDependency section */
		ADAD45C81BAFB98C003561DF /* PBXTargetDependency */ = {
			isa = PBXTargetDependency;
			target = ADAD45B01BAFB98C003561DF /* Lab 2 */;
			targetProxy = ADAD45C71BAFB98C003561DF /* PBXContainerItemProxy */;
		};
/* End PBXTargetDependency section */

/* Begin PBXVariantGroup section */
		ADAD45BA1BAFB98C003561DF /* Main.storyboard */ = {
			isa = PBXVariantGroup;
			children = (
				ADAD45BB1BAFB98C003561DF /* Base */,
			);
			name = Main.storyboard;
			sourceTree = "<group>";
		};
		ADAD45BF1BAFB98C003561DF /* LaunchScreen.xib */ = {
			isa = PBXVariantGroup;
			children = (
				ADAD45C01BAFB98C003561DF /* Base */,
			);
			name = LaunchScreen.xib;
			sourceTree = "<group>";
		};
/* End PBXVariantGroup section */

/* Begin XCBuildConfiguration section */
		ADAD45CE1BAFB98C003561DF /* Debug */ = {
			isa = XCBuildConfiguration;
			buildSettings = {
				ALWAYS_SEARCH_USER_PATHS = NO;
				CLANG_CXX_LANGUAGE_STANDARD = "gnu++0x";
				CLANG_CXX_LIBRARY = "libc++";
				CLANG_ENABLE_MODULES = YES;
				CLANG_ENABLE_OBJC_ARC = YES;
				CLANG_WARN_BOOL_CONVERSION = YES;
				CLANG_WARN_CONSTANT_CONVERSION = YES;
				CLANG_WARN_DIRECT_OBJC_ISA_USAGE = YES_ERROR;
				CLANG_WARN_EMPTY_BODY = YES;
				CLANG_WARN_ENUM_CONVERSION = YES;
				CLANG_WARN_INT_CONVERSION = YES;
				CLANG_WARN_OBJC_ROOT_CLASS = YES_ERROR;
				CLANG_WARN_UNREACHABLE_CODE = YES;
				CLANG_WARN__DUPLICATE_METHOD_MATCH = YES;
				"CODE_SIGN_IDENTITY[sdk=iphoneos*]" = "iPhone Developer";
				COPY_PHASE_STRIP = NO;
				DEBUG_INFORMATION_FORMAT = "dwarf-with-dsym";
				ENABLE_STRICT_OBJC_MSGSEND = YES;
				GCC_C_LANGUAGE_STANDARD = gnu99;
				GCC_DYNAMIC_NO_PIC = NO;
				GCC_NO_COMMON_BLOCKS = YES;
				GCC_OPTIMIZATION_LEVEL = 0;
				GCC_PREPROCESSOR_DEFINITIONS = (
					"DEBUG=1",
					"$(inherited)",
				);
				GCC_SYMBOLS_PRIVATE_EXTERN = NO;
				GCC_WARN_64_TO_32_BIT_CONVERSION = YES;
				GCC_WARN_ABOUT_RETURN_TYPE = YES_ERROR;
				GCC_WARN_UNDECLARED_SELECTOR = YES;
				GCC_WARN_UNINITIALIZED_AUTOS = YES_AGGRESSIVE;
				GCC_WARN_UNUSED_FUNCTION = YES;
				GCC_WARN_UNUSED_VARIABLE = YES;
				IPHONEOS_DEPLOYMENT_TARGET = 8.4;
				MTL_ENABLE_DEBUG_INFO = YES;
				ONLY_ACTIVE_ARCH = YES;
				SDKROOT = iphoneos;
				SWIFT_OPTIMIZATION_LEVEL = "-Onone";
			};
			name = Debug;
		};
		ADAD45CF1BAFB98C003561DF /* Release */ = {
			isa = XCBuildConfiguration;
			buildSettings = {
				ALWAYS_SEARCH_USER_PATHS = NO;
				CLANG_CXX_LANGUAGE_STANDARD = "gnu++0x";
				CLANG_CXX_LIBRARY = "libc++";
				CLANG_ENABLE_MODULES = YES;
				CLANG_ENABLE_OBJC_ARC = YES;
				CLANG_WARN_BOOL_CONVERSION = YES;
				CLANG_WARN_CONSTANT_CONVERSION = YES;
				CLANG_WARN_DIRECT_OBJC_ISA_USAGE = YES_ERROR;
				CLANG_WARN_EMPTY_BODY = YES;
				CLANG_WARN_ENUM_CONVERSION = YES;
				CLANG_WARN_INT_CONVERSION = YES;
				CLANG_WARN_OBJC_ROOT_CLASS = YES_ERROR;
				CLANG_WARN_UNREACHABLE_CODE = YES;
				CLANG_WARN__DUPLICATE_METHOD_MATCH = YES;
				"CODE_SIGN_IDENTITY[sdk=iphoneos*]" = "iPhone Developer";
				COPY_PHASE_STRIP = NO;
				DEBUG_INFORMATION_FORMAT = "dwarf-with-dsym";
				ENABLE_NS_ASSERTIONS = NO;
				ENABLE_STRICT_OBJC_MSGSEND = YES;
				GCC_C_LANGUAGE_STANDARD = gnu99;
				GCC_NO_COMMON_BLOCKS = YES;
				GCC_WARN_64_TO_32_BIT_CONVERSION = YES;
				GCC_WARN_ABOUT_RETURN_TYPE = YES_ERROR;
				GCC_WARN_UNDECLARED_SELECTOR = YES;
				GCC_WARN_UNINITIALIZED_AUTOS = YES_AGGRESSIVE;
				GCC_WARN_UNUSED_FUNCTION = YES;
				GCC_WARN_UNUSED_VARIABLE = YES;
				IPHONEOS_DEPLOYMENT_TARGET = 8.4;
				MTL_ENABLE_DEBUG_INFO = NO;
				SDKROOT = iphoneos;
				VALIDATE_PRODUCT = YES;
			};
			name = Release;
		};
		ADAD45D11BAFB98C003561DF /* Debug */ = {
			isa = XCBuildConfiguration;
			buildSettings = {
				ASSETCATALOG_COMPILER_APPICON_NAME = AppIcon;
				INFOPLIST_FILE = "Lab 2/Info.plist";
				LD_RUNPATH_SEARCH_PATHS = "$(inherited) @executable_path/Frameworks";
				PRODUCT_NAME = "$(TARGET_NAME)";
			};
			name = Debug;
		};
		ADAD45D21BAFB98C003561DF /* Release */ = {
			isa = XCBuildConfiguration;
			buildSettings = {
				ASSETCATALOG_COMPILER_APPICON_NAME = AppIcon;
				INFOPLIST_FILE = "Lab 2/Info.plist";
				LD_RUNPATH_SEARCH_PATHS = "$(inherited) @executable_path/Frameworks";
				PRODUCT_NAME = "$(TARGET_NAME)";
			};
			name = Release;
		};
		ADAD45D41BAFB98C003561DF /* Debug */ = {
			isa = XCBuildConfiguration;
			buildSettings = {
				BUNDLE_LOADER = "$(TEST_HOST)";
				FRAMEWORK_SEARCH_PATHS = (
					"$(SDKROOT)/Developer/Library/Frameworks",
					"$(inherited)",
				);
				GCC_PREPROCESSOR_DEFINITIONS = (
					"DEBUG=1",
					"$(inherited)",
				);
				INFOPLIST_FILE = "Lab 2Tests/Info.plist";
				LD_RUNPATH_SEARCH_PATHS = "$(inherited) @executable_path/Frameworks @loader_path/Frameworks";
				PRODUCT_NAME = "$(TARGET_NAME)";
				TEST_HOST = "$(BUILT_PRODUCTS_DIR)/Lab 2.app/Lab 2";
			};
			name = Debug;
		};
		ADAD45D51BAFB98C003561DF /* Release */ = {
			isa = XCBuildConfiguration;
			buildSettings = {
				BUNDLE_LOADER = "$(TEST_HOST)";
				FRAMEWORK_SEARCH_PATHS = (
					"$(SDKROOT)/Developer/Library/Frameworks",
					"$(inherited)",
				);
				INFOPLIST_FILE = "Lab 2Tests/Info.plist";
				LD_RUNPATH_SEARCH_PATHS = "$(inherited) @executable_path/Frameworks @loader_path/Frameworks";
				PRODUCT_NAME = "$(TARGET_NAME)";
				TEST_HOST = "$(BUILT_PRODUCTS_DIR)/Lab 2.app/Lab 2";
			};
			name = Release;
		};
/* End XCBuildConfiguration section */

/* Begin XCConfigurationList section */
		ADAD45AC1BAFB98C003561DF /* Build configuration list for PBXProject "Lab 2" */ = {
			isa = XCConfigurationList;
			buildConfigurations = (
				ADAD45CE1BAFB98C003561DF /* Debug */,
				ADAD45CF1BAFB98C003561DF /* Release */,
			);
			defaultConfigurationIsVisible = 0;
			defaultConfigurationName = Release;
		};
		ADAD45D01BAFB98C003561DF /* Build configuration list for PBXNativeTarget "Lab 2" */ = {
			isa = XCConfigurationList;
			buildConfigurations = (
				ADAD45D11BAFB98C003561DF /* Debug */,
				ADAD45D21BAFB98C003561DF /* Release */,
			);
			defaultConfigurationIsVisible = 0;
		};
		ADAD45D31BAFB98C003561DF /* Build configuration list for PBXNativeTarget "Lab 2Tests" */ = {
			isa = XCConfigurationList;
			buildConfigurations = (
				ADAD45D41BAFB98C003561DF /* Debug */,
				ADAD45D51BAFB98C003561DF /* Release */,
			);
			defaultConfigurationIsVisible = 0;
		};
/* End XCConfigurationList section */
	};
	rootObject = ADAD45A91BAFB98C003561DF /* Project object */;
}
